
Microsoft Visual Studio Solution File, Format Version 12.00
# Visual Studio Version 17
VisualStudioVersion = 17.14.36414.22 d17.14
MinimumVisualStudioVersion = 10.0.40219.1
Project("{FAE04EC0-301F-11D3-BF4B-00C04F79EFBC}") = "CRUDproject", "CRUDproject.csproj", "{79BC1165-40C0-4F28-A58F-093C662D7666}"
EndProject
Global
	GlobalSection(SolutionConfigurationPlatforms) = preSolution
		Debug|Any CPU = Debug|Any CPU
		Release|Any CPU = Release|Any CPU
	EndGlobalSection
	GlobalSection(ProjectConfigurationPlatforms) = postSolution
		{79BC1165-40C0-4F28-A58F-093C662D7666}.Debug|Any CPU.ActiveCfg = Debug|Any CPU
		{79BC1165-40C0-4F28-A58F-093C662D7666}.Debug|Any CPU.Build.0 = Debug|Any CPU
		{79BC1165-40C0-4F28-A58F-093C662D7666}.Release|Any CPU.ActiveCfg = Release|Any CPU
		{79BC1165-40C0-4F28-A58F-093C662D7666}.Release|Any CPU.Build.0 = Release|Any CPU
	EndGlobalSection
	GlobalSection(SolutionProperties) = preSolution
		HideSolutionNode = FALSE
	EndGlobalSection
	GlobalSection(ExtensibilityGlobals) = postSolution
		SolutionGuid = {35E0B844-CBC5-44E1-97C3-42784713A135}
	EndGlobalSection
EndGlobal
